
Microsoft Visual Studio Solution File, Format Version 12.00
# Visual Studio Version 16
VisualStudioVersion = 16.0.31129.286
MinimumVisualStudioVersion = 10.0.40219.1
Project("{9A19103F-16F7-4668-BE54-9A1E7A4F7556}") = "MarsRoverAPI", "MarsRoverAPI\MarsRoverAPI.csproj", "{40FDE968-B298-4574-BD07-3B48D1BD0505}"
EndProject
Project("{9A19103F-16F7-4668-BE54-9A1E7A4F7556}") = "NASAClient", "NASAClient\NASAClient.csproj", "{D8941377-6A50-44F1-B2CF-2175CDE5F02A}"
EndProject
Project("{FAE04EC0-301F-11D3-BF4B-00C04F79EFBC}") = "NASAClientTests", "NASAClientTests\NASAClientTests.csproj", "{F103CB90-10F0-43F0-BABF-C9F9A280FB74}"
EndProject
Global
	GlobalSection(SolutionConfigurationPlatforms) = preSolution
		Debug|Any CPU = Debug|Any CPU
		Release|Any CPU = Release|Any CPU
	EndGlobalSection
	GlobalSection(ProjectConfigurationPlatforms) = postSolution
		{40FDE968-B298-4574-BD07-3B48D1BD0505}.Debug|Any CPU.ActiveCfg = Debug|Any CPU
		{40FDE968-B298-4574-BD07-3B48D1BD0505}.Debug|Any CPU.Build.0 = Debug|Any CPU
		{40FDE968-B298-4574-BD07-3B48D1BD0505}.Release|Any CPU.ActiveCfg = Release|Any CPU
		{40FDE968-B298-4574-BD07-3B48D1BD0505}.Release|Any CPU.Build.0 = Release|Any CPU
		{D8941377-6A50-44F1-B2CF-2175CDE5F02A}.Debug|Any CPU.ActiveCfg = Debug|Any CPU
		{D8941377-6A50-44F1-B2CF-2175CDE5F02A}.Debug|Any CPU.Build.0 = Debug|Any CPU
		{D8941377-6A50-44F1-B2CF-2175CDE5F02A}.Release|Any CPU.ActiveCfg = Release|Any CPU
		{D8941377-6A50-44F1-B2CF-2175CDE5F02A}.Release|Any CPU.Build.0 = Release|Any CPU
		{F103CB90-10F0-43F0-BABF-C9F9A280FB74}.Debug|Any CPU.ActiveCfg = Debug|Any CPU
		{F103CB90-10F0-43F0-BABF-C9F9A280FB74}.Debug|Any CPU.Build.0 = Debug|Any CPU
		{F103CB90-10F0-43F0-BABF-C9F9A280FB74}.Release|Any CPU.ActiveCfg = Release|Any CPU
		{F103CB90-10F0-43F0-BABF-C9F9A280FB74}.Release|Any CPU.Build.0 = Release|Any CPU
	EndGlobalSection
	GlobalSection(SolutionProperties) = preSolution
		HideSolutionNode = FALSE
	EndGlobalSection
	GlobalSection(ExtensibilityGlobals) = postSolution
		SolutionGuid = {CA54221D-8B70-47D3-B044-95C65C4C38F0}
	EndGlobalSection
EndGlobal
